{
  "name": "example",
  "version": "1.0.0",
  "lockfileVersion": 3,
  "requires": true,
  "packages": {
    "": {
      "name": "example",
      "version": "1.0.0",
      "license": "ISC",
      "dependencies": {
        "@trust0/ridb": "^1.5.35",
        "@trust0/ridb-core": "^1.7.30",
        "@trust0/ridb-mongodb": "^0.0.2"
      }
    },
    "node_modules/@trust0/ridb": {
      "version": "1.5.35",
      "resolved": "https://registry.npmjs.org/@trust0/ridb/-/ridb-1.5.35.tgz",
      "integrity": "sha512-b/WO7ieO1UYnhR8CAOM8ReN7rtoTfjHX6bJP6vDN8+cqHmHkJV8K4H+CD/TOXmp4DKiYK8YlvU4w+D5GnnipQQ==",
      "license": "Apache-2.0",
      "dependencies": {
        "@trust0/ridb-core": "^1.7.30"
      },
      "engines": {
        "node": ">=20"
      }
    },
    "node_modules/@trust0/ridb-core": {
      "version": "1.7.30",
      "resolved": "https://registry.npmjs.org/@trust0/ridb-core/-/ridb-core-1.7.30.tgz",
      "integrity": "sha512-GFhoEtPlZCSVENTn3z85lYKdwzrVV9SVe0E2YHn83IWnxcjZjObtH2POKvDap8gPAgRsPtzZN/wf3WkgV1Xs+g=="
    },
    "node_modules/@trust0/ridb-mongodb": {
      "version": "0.0.2",
      "resolved": "https://registry.npmjs.org/@trust0/ridb-mongodb/-/ridb-mongodb-0.0.2.tgz",
      "integrity": "sha512-ZrDwMkjojlJMt4gVzi18cWAQBMq4jZOZCdy0lr37Jbd8OK/RMXVezwEwOU1QhySnEeXpidj9K1iJfHamX9mXag==",
      "license": "Apache-2.0",
      "engines": {
        "node": ">=20"
      },
      "peerDependencies": {
        "@trust0/ridb": "^1"
      }
    }
  }
}
